
Microsoft Visual Studio Solution File, Format Version 12.00
# Visual Studio Version 16
VisualStudioVersion = 16.0.31702.278
MinimumVisualStudioVersion = 10.0.40219.1
Project("{8BC9CEB8-8B4A-11D0-8D11-00A0C91BC942}") = "Aisd_4sem_2lab", "Aisd_4sem_2lab\Aisd_4sem_2lab.vcxproj", "{8EC2FF85-DCAF-45CC-BF01-4DAC148E3DCE}"
EndProject
Project("{8BC9CEB8-8B4A-11D0-8D11-00A0C91BC942}") = "UnitTest2lab", "UnitTest2lab\UnitTest2lab.vcxproj", "{9177ED5E-C9E9-4629-AE07-CCD79FE9D1E9}"
EndProject
Global
	GlobalSection(SolutionConfigurationPlatforms) = preSolution
		Debug|x64 = Debug|x64
		Debug|x86 = Debug|x86
		Release|x64 = Release|x64
		Release|x86 = Release|x86
	EndGlobalSection
	GlobalSection(ProjectConfigurationPlatforms) = postSolution
		{8EC2FF85-DCAF-45CC-BF01-4DAC148E3DCE}.Debug|x64.ActiveCfg = Debug|x64
		{8EC2FF85-DCAF-45CC-BF01-4DAC148E3DCE}.Debug|x64.Build.0 = Debug|x64
		{8EC2FF85-DCAF-45CC-BF01-4DAC148E3DCE}.Debug|x86.ActiveCfg = Debug|Win32
		{8EC2FF85-DCAF-45CC-BF01-4DAC148E3DCE}.Debug|x86.Build.0 = Debug|Win32
		{8EC2FF85-DCAF-45CC-BF01-4DAC148E3DCE}.Release|x64.ActiveCfg = Release|x64
		{8EC2FF85-DCAF-45CC-BF01-4DAC148E3DCE}.Release|x64.Build.0 = Release|x64
		{8EC2FF85-DCAF-45CC-BF01-4DAC148E3DCE}.Release|x86.ActiveCfg = Release|Win32
		{8EC2FF85-DCAF-45CC-BF01-4DAC148E3DCE}.Release|x86.Build.0 = Release|Win32
		{9177ED5E-C9E9-4629-AE07-CCD79FE9D1E9}.Debug|x64.ActiveCfg = Debug|x64
		{9177ED5E-C9E9-4629-AE07-CCD79FE9D1E9}.Debug|x64.Build.0 = Debug|x64
		{9177ED5E-C9E9-4629-AE07-CCD79FE9D1E9}.Debug|x86.ActiveCfg = Debug|Win32
		{9177ED5E-C9E9-4629-AE07-CCD79FE9D1E9}.Debug|x86.Build.0 = Debug|Win32
		{9177ED5E-C9E9-4629-AE07-CCD79FE9D1E9}.Release|x64.ActiveCfg = Release|x64
		{9177ED5E-C9E9-4629-AE07-CCD79FE9D1E9}.Release|x64.Build.0 = Release|x64
		{9177ED5E-C9E9-4629-AE07-CCD79FE9D1E9}.Release|x86.ActiveCfg = Release|Win32
		{9177ED5E-C9E9-4629-AE07-CCD79FE9D1E9}.Release|x86.Build.0 = Release|Win32
	EndGlobalSection
	GlobalSection(SolutionProperties) = preSolution
		HideSolutionNode = FALSE
	EndGlobalSection
	GlobalSection(ExtensibilityGlobals) = postSolution
		SolutionGuid = {17F38B30-D272-4EB5-AFE2-57922270EAF3}
	EndGlobalSection
EndGlobal
